
Microsoft Visual Studio Solution File, Format Version 12.00
# Visual Studio Version 17
VisualStudioVersion = 17.8.34330.188
MinimumVisualStudioVersion = 10.0.40219.1
Project("{9A19103F-16F7-4668-BE54-9A1E7A4F7556}") = "WebSocketClient", "WebSocketClient\WebSocketClient.csproj", "{C56436AD-3891-40E9-9585-EA016926119A}"
EndProject
Project("{9A19103F-16F7-4668-BE54-9A1E7A4F7556}") = "WebSocketServer", "WebSocketServer\WebSocketServer.csproj", "{C233B56F-DCE8-4CCE-AD79-68B069317C6F}"
EndProject
Global
	GlobalSection(SolutionConfigurationPlatforms) = preSolution
		Debug|Any CPU = Debug|Any CPU
		Release|Any CPU = Release|Any CPU
	EndGlobalSection
	GlobalSection(ProjectConfigurationPlatforms) = postSolution
		{C56436AD-3891-40E9-9585-EA016926119A}.Debug|Any CPU.ActiveCfg = Debug|Any CPU
		{C56436AD-3891-40E9-9585-EA016926119A}.Debug|Any CPU.Build.0 = Debug|Any CPU
		{C56436AD-3891-40E9-9585-EA016926119A}.Release|Any CPU.ActiveCfg = Release|Any CPU
		{C56436AD-3891-40E9-9585-EA016926119A}.Release|Any CPU.Build.0 = Release|Any CPU
		{C233B56F-DCE8-4CCE-AD79-68B069317C6F}.Debug|Any CPU.ActiveCfg = Debug|Any CPU
		{C233B56F-DCE8-4CCE-AD79-68B069317C6F}.Debug|Any CPU.Build.0 = Debug|Any CPU
		{C233B56F-DCE8-4CCE-AD79-68B069317C6F}.Release|Any CPU.ActiveCfg = Release|Any CPU
		{C233B56F-DCE8-4CCE-AD79-68B069317C6F}.Release|Any CPU.Build.0 = Release|Any CPU
	EndGlobalSection
	GlobalSection(SolutionProperties) = preSolution
		HideSolutionNode = FALSE
	EndGlobalSection
	GlobalSection(ExtensibilityGlobals) = postSolution
		SolutionGuid = {4CE41C06-27F1-4312-9B77-99522A41DC20}
	EndGlobalSection
EndGlobal
